
Microsoft Visual Studio Solution File, Format Version 12.00
# Visual Studio 14
VisualStudioVersion = 14.0.25420.1
MinimumVisualStudioVersion = 10.0.40219.1
Project("{FAE04EC0-301F-11D3-BF4B-00C04F79EFBC}") = "MS_AOI", "MS_AOI\MS_AOI.csproj", "{24D5DE87-0874-4BD3-9447-B2B242220F19}"
	ProjectSection(ProjectDependencies) = postProject
		{5BE62C04-348D-4886-9E35-E2624565C8AD} = {5BE62C04-348D-4886-9E35-E2624565C8AD}
		{644BAE24-5EFD-41BB-9F2B-1C5C7639D3A1} = {644BAE24-5EFD-41BB-9F2B-1C5C7639D3A1}
		{33398349-EC3F-4D85-99B3-43796B956290} = {33398349-EC3F-4D85-99B3-43796B956290}
		{8D413971-D45F-4606-AEE8-F2B1BA93DC3D} = {8D413971-D45F-4606-AEE8-F2B1BA93DC3D}
		{F38DD48C-E123-4BED-B987-A3B27BD59D14} = {F38DD48C-E123-4BED-B987-A3B27BD59D14}
	EndProjectSection
EndProject
Project("{FAE04EC0-301F-11D3-BF4B-00C04F79EFBC}") = "LogicControl", "LogicControl\LogicControl.csproj", "{5BE62C04-348D-4886-9E35-E2624565C8AD}"
	ProjectSection(ProjectDependencies) = postProject
		{33398349-EC3F-4D85-99B3-43796B956290} = {33398349-EC3F-4D85-99B3-43796B956290}
		{8D413971-D45F-4606-AEE8-F2B1BA93DC3D} = {8D413971-D45F-4606-AEE8-F2B1BA93DC3D}
		{F38DD48C-E123-4BED-B987-A3B27BD59D14} = {F38DD48C-E123-4BED-B987-A3B27BD59D14}
	EndProjectSection
EndProject
Project("{FAE04EC0-301F-11D3-BF4B-00C04F79EFBC}") = "MoveControlAssemble", "MoveControlAssemble\MoveControlAssemble.csproj", "{F38DD48C-E123-4BED-B987-A3B27BD59D14}"
EndProject
Project("{FAE04EC0-301F-11D3-BF4B-00C04F79EFBC}") = "XmlHelper", "XmlHelper\XmlHelper.csproj", "{8D413971-D45F-4606-AEE8-F2B1BA93DC3D}"
EndProject
Project("{FAE04EC0-301F-11D3-BF4B-00C04F79EFBC}") = "StructAssemble", "StructAssemble\StructAssemble.csproj", "{33398349-EC3F-4D85-99B3-43796B956290}"
EndProject
Project("{FAE04EC0-301F-11D3-BF4B-00C04F79EFBC}") = "CsvHelper", "CsvHelper\CsvHelper.csproj", "{BF3A9865-85BB-4890-8B64-CEAC97D38A54}"
EndProject
Project("{FAE04EC0-301F-11D3-BF4B-00C04F79EFBC}") = "SQLHelper", "SQLHelper\SQLHelper.csproj", "{644BAE24-5EFD-41BB-9F2B-1C5C7639D3A1}"
EndProject
Project("{FAE04EC0-301F-11D3-BF4B-00C04F79EFBC}") = "KeyenceLJ", "KeyenceLJ\KeyenceLJ.csproj", "{D2BF2BDA-D4A3-4DAE-A1B7-012940D57BF1}"
EndProject
Global
	GlobalSection(SolutionConfigurationPlatforms) = preSolution
		Debug|Any CPU = Debug|Any CPU
		Debug|x64 = Debug|x64
		Debug|x86 = Debug|x86
		Release|Any CPU = Release|Any CPU
		Release|x64 = Release|x64
		Release|x86 = Release|x86
	EndGlobalSection
	GlobalSection(ProjectConfigurationPlatforms) = postSolution
		{24D5DE87-0874-4BD3-9447-B2B242220F19}.Debug|Any CPU.ActiveCfg = Debug|Any CPU
		{24D5DE87-0874-4BD3-9447-B2B242220F19}.Debug|Any CPU.Build.0 = Debug|Any CPU
		{24D5DE87-0874-4BD3-9447-B2B242220F19}.Debug|x64.ActiveCfg = Debug|Any CPU
		{24D5DE87-0874-4BD3-9447-B2B242220F19}.Debug|x64.Build.0 = Debug|Any CPU
		{24D5DE87-0874-4BD3-9447-B2B242220F19}.Debug|x86.ActiveCfg = Debug|Any CPU
		{24D5DE87-0874-4BD3-9447-B2B242220F19}.Debug|x86.Build.0 = Debug|Any CPU
		{24D5DE87-0874-4BD3-9447-B2B242220F19}.Release|Any CPU.ActiveCfg = Release|Any CPU
		{24D5DE87-0874-4BD3-9447-B2B242220F19}.Release|Any CPU.Build.0 = Release|Any CPU
		{24D5DE87-0874-4BD3-9447-B2B242220F19}.Release|x64.ActiveCfg = Release|Any CPU
		{24D5DE87-0874-4BD3-9447-B2B242220F19}.Release|x64.Build.0 = Release|Any CPU
		{24D5DE87-0874-4BD3-9447-B2B242220F19}.Release|x86.ActiveCfg = Release|Any CPU
		{24D5DE87-0874-4BD3-9447-B2B242220F19}.Release|x86.Build.0 = Release|Any CPU
		{5BE62C04-348D-4886-9E35-E2624565C8AD}.Debug|Any CPU.ActiveCfg = Debug|Any CPU
		{5BE62C04-348D-4886-9E35-E2624565C8AD}.Debug|Any CPU.Build.0 = Debug|Any CPU
		{5BE62C04-348D-4886-9E35-E2624565C8AD}.Debug|x64.ActiveCfg = Debug|x64
		{5BE62C04-348D-4886-9E35-E2624565C8AD}.Debug|x64.Build.0 = Debug|x64
		{5BE62C04-348D-4886-9E35-E2624565C8AD}.Debug|x86.ActiveCfg = Debug|x86
		{5BE62C04-348D-4886-9E35-E2624565C8AD}.Debug|x86.Build.0 = Debug|x86
		{5BE62C04-348D-4886-9E35-E2624565C8AD}.Release|Any CPU.ActiveCfg = Release|Any CPU
		{5BE62C04-348D-4886-9E35-E2624565C8AD}.Release|Any CPU.Build.0 = Release|Any CPU
		{5BE62C04-348D-4886-9E35-E2624565C8AD}.Release|x64.ActiveCfg = Release|x64
		{5BE62C04-348D-4886-9E35-E2624565C8AD}.Release|x64.Build.0 = Release|x64
		{5BE62C04-348D-4886-9E35-E2624565C8AD}.Release|x86.ActiveCfg = Release|x86
		{5BE62C04-348D-4886-9E35-E2624565C8AD}.Release|x86.Build.0 = Release|x86
		{F38DD48C-E123-4BED-B987-A3B27BD59D14}.Debug|Any CPU.ActiveCfg = Debug|Any CPU
		{F38DD48C-E123-4BED-B987-A3B27BD59D14}.Debug|Any CPU.Build.0 = Debug|Any CPU
		{F38DD48C-E123-4BED-B987-A3B27BD59D14}.Debug|x64.ActiveCfg = Debug|x64
		{F38DD48C-E123-4BED-B987-A3B27BD59D14}.Debug|x64.Build.0 = Debug|x64
		{F38DD48C-E123-4BED-B987-A3B27BD59D14}.Debug|x86.ActiveCfg = Debug|x86
		{F38DD48C-E123-4BED-B987-A3B27BD59D14}.Debug|x86.Build.0 = Debug|x86
		{F38DD48C-E123-4BED-B987-A3B27BD59D14}.Release|Any CPU.ActiveCfg = Release|Any CPU
		{F38DD48C-E123-4BED-B987-A3B27BD59D14}.Release|Any CPU.Build.0 = Release|Any CPU
		{F38DD48C-E123-4BED-B987-A3B27BD59D14}.Release|x64.ActiveCfg = Release|x64
		{F38DD48C-E123-4BED-B987-A3B27BD59D14}.Release|x64.Build.0 = Release|x64
		{F38DD48C-E123-4BED-B987-A3B27BD59D14}.Release|x86.ActiveCfg = Release|x86
		{F38DD48C-E123-4BED-B987-A3B27BD59D14}.Release|x86.Build.0 = Release|x86
		{8D413971-D45F-4606-AEE8-F2B1BA93DC3D}.Debug|Any CPU.ActiveCfg = Debug|Any CPU
		{8D413971-D45F-4606-AEE8-F2B1BA93DC3D}.Debug|Any CPU.Build.0 = Debug|Any CPU
		{8D413971-D45F-4606-AEE8-F2B1BA93DC3D}.Debug|x64.ActiveCfg = Debug|x64
		{8D413971-D45F-4606-AEE8-F2B1BA93DC3D}.Debug|x64.Build.0 = Debug|x64
		{8D413971-D45F-4606-AEE8-F2B1BA93DC3D}.Debug|x86.ActiveCfg = Debug|x86
		{8D413971-D45F-4606-AEE8-F2B1BA93DC3D}.Debug|x86.Build.0 = Debug|x86
		{8D413971-D45F-4606-AEE8-F2B1BA93DC3D}.Release|Any CPU.ActiveCfg = Release|Any CPU
		{8D413971-D45F-4606-AEE8-F2B1BA93DC3D}.Release|Any CPU.Build.0 = Release|Any CPU
		{8D413971-D45F-4606-AEE8-F2B1BA93DC3D}.Release|x64.ActiveCfg = Release|x64
		{8D413971-D45F-4606-AEE8-F2B1BA93DC3D}.Release|x64.Build.0 = Release|x64
		{8D413971-D45F-4606-AEE8-F2B1BA93DC3D}.Release|x86.ActiveCfg = Release|x86
		{8D413971-D45F-4606-AEE8-F2B1BA93DC3D}.Release|x86.Build.0 = Release|x86
		{33398349-EC3F-4D85-99B3-43796B956290}.Debug|Any CPU.ActiveCfg = Debug|Any CPU
		{33398349-EC3F-4D85-99B3-43796B956290}.Debug|Any CPU.Build.0 = Debug|Any CPU
		{33398349-EC3F-4D85-99B3-43796B956290}.Debug|x64.ActiveCfg = Debug|x64
		{33398349-EC3F-4D85-99B3-43796B956290}.Debug|x64.Build.0 = Debug|x64
		{33398349-EC3F-4D85-99B3-43796B956290}.Debug|x86.ActiveCfg = Debug|x86
		{33398349-EC3F-4D85-99B3-43796B956290}.Debug|x86.Build.0 = Debug|x86
		{33398349-EC3F-4D85-99B3-43796B956290}.Release|Any CPU.ActiveCfg = Release|Any CPU
		{33398349-EC3F-4D85-99B3-43796B956290}.Release|Any CPU.Build.0 = Release|Any CPU
		{33398349-EC3F-4D85-99B3-43796B956290}.Release|x64.ActiveCfg = Release|x64
		{33398349-EC3F-4D85-99B3-43796B956290}.Release|x64.Build.0 = Release|x64
		{33398349-EC3F-4D85-99B3-43796B956290}.Release|x86.ActiveCfg = Release|x86
		{33398349-EC3F-4D85-99B3-43796B956290}.Release|x86.Build.0 = Release|x86
		{BF3A9865-85BB-4890-8B64-CEAC97D38A54}.Debug|Any CPU.ActiveCfg = Debug|Any CPU
		{BF3A9865-85BB-4890-8B64-CEAC97D38A54}.Debug|Any CPU.Build.0 = Debug|Any CPU
		{BF3A9865-85BB-4890-8B64-CEAC97D38A54}.Debug|x64.ActiveCfg = Debug|x64
		{BF3A9865-85BB-4890-8B64-CEAC97D38A54}.Debug|x64.Build.0 = Debug|x64
		{BF3A9865-85BB-4890-8B64-CEAC97D38A54}.Debug|x86.ActiveCfg = Debug|x86
		{BF3A9865-85BB-4890-8B64-CEAC97D38A54}.Debug|x86.Build.0 = Debug|x86
		{BF3A9865-85BB-4890-8B64-CEAC97D38A54}.Release|Any CPU.ActiveCfg = Release|Any CPU
		{BF3A9865-85BB-4890-8B64-CEAC97D38A54}.Release|Any CPU.Build.0 = Release|Any CPU
		{BF3A9865-85BB-4890-8B64-CEAC97D38A54}.Release|x64.ActiveCfg = Release|x64
		{BF3A9865-85BB-4890-8B64-CEAC97D38A54}.Release|x64.Build.0 = Release|x64
		{BF3A9865-85BB-4890-8B64-CEAC97D38A54}.Release|x86.ActiveCfg = Release|x86
		{BF3A9865-85BB-4890-8B64-CEAC97D38A54}.Release|x86.Build.0 = Release|x86
		{644BAE24-5EFD-41BB-9F2B-1C5C7639D3A1}.Debug|Any CPU.ActiveCfg = Debug|Any CPU
		{644BAE24-5EFD-41BB-9F2B-1C5C7639D3A1}.Debug|Any CPU.Build.0 = Debug|Any CPU
		{644BAE24-5EFD-41BB-9F2B-1C5C7639D3A1}.Debug|x64.ActiveCfg = Debug|Any CPU
		{644BAE24-5EFD-41BB-9F2B-1C5C7639D3A1}.Debug|x64.Build.0 = Debug|Any CPU
		{644BAE24-5EFD-41BB-9F2B-1C5C7639D3A1}.Debug|x86.ActiveCfg = Debug|Any CPU
		{644BAE24-5EFD-41BB-9F2B-1C5C7639D3A1}.Debug|x86.Build.0 = Debug|Any CPU
		{644BAE24-5EFD-41BB-9F2B-1C5C7639D3A1}.Release|Any CPU.ActiveCfg = Release|Any CPU
		{644BAE24-5EFD-41BB-9F2B-1C5C7639D3A1}.Release|Any CPU.Build.0 = Release|Any CPU
		{644BAE24-5EFD-41BB-9F2B-1C5C7639D3A1}.Release|x64.ActiveCfg = Release|Any CPU
		{644BAE24-5EFD-41BB-9F2B-1C5C7639D3A1}.Release|x64.Build.0 = Release|Any CPU
		{644BAE24-5EFD-41BB-9F2B-1C5C7639D3A1}.Release|x86.ActiveCfg = Release|Any CPU
		{644BAE24-5EFD-41BB-9F2B-1C5C7639D3A1}.Release|x86.Build.0 = Release|Any CPU
		{D2BF2BDA-D4A3-4DAE-A1B7-012940D57BF1}.Debug|Any CPU.ActiveCfg = Debug|Any CPU
		{D2BF2BDA-D4A3-4DAE-A1B7-012940D57BF1}.Debug|Any CPU.Build.0 = Debug|Any CPU
		{D2BF2BDA-D4A3-4DAE-A1B7-012940D57BF1}.Debug|x64.ActiveCfg = Debug|x64
		{D2BF2BDA-D4A3-4DAE-A1B7-012940D57BF1}.Debug|x64.Build.0 = Debug|x64
		{D2BF2BDA-D4A3-4DAE-A1B7-012940D57BF1}.Debug|x86.ActiveCfg = Debug|Any CPU
		{D2BF2BDA-D4A3-4DAE-A1B7-012940D57BF1}.Debug|x86.Build.0 = Debug|Any CPU
		{D2BF2BDA-D4A3-4DAE-A1B7-012940D57BF1}.Release|Any CPU.ActiveCfg = Release|Any CPU
		{D2BF2BDA-D4A3-4DAE-A1B7-012940D57BF1}.Release|Any CPU.Build.0 = Release|Any CPU
		{D2BF2BDA-D4A3-4DAE-A1B7-012940D57BF1}.Release|x64.ActiveCfg = Release|x64
		{D2BF2BDA-D4A3-4DAE-A1B7-012940D57BF1}.Release|x64.Build.0 = Release|x64
		{D2BF2BDA-D4A3-4DAE-A1B7-012940D57BF1}.Release|x86.ActiveCfg = Release|Any CPU
		{D2BF2BDA-D4A3-4DAE-A1B7-012940D57BF1}.Release|x86.Build.0 = Release|Any CPU
	EndGlobalSection
	GlobalSection(SolutionProperties) = preSolution
		HideSolutionNode = FALSE
	EndGlobalSection
EndGlobal
